id: plasma_cfar2D
label: CFAR 2D
category: '[plasma]'

templates:
  imports: from gnuradio import plasma
  make: plasma.cfar2D(${guard_cells}, ${training_cells}, ${pfa})

#  Make one 'parameters' list entry for every parameter you want settable from the GUI.
#     Keys include:
#     * id (makes the value accessible as keyname, e.g. in the make entry)
#     * label (label shown in the GUI)
#     * dtype (e.g. int, float, complex, byte, short, xxx_vector, ...)
#     * default
parameters:
- id: guard_cells
  label: Guard Cells
  dtype: raw
  default: (,)
- id: training_cells
  label: Training Cells
  dtype: raw
  default: (,)
- id: pfa
  label: PFA
  dtype: float
  default: 0.001
- id: num_pulse_cpi
  label:  Pulses per CPI
  dtype:  int
  default:  128


#  Make one 'inputs' list entry per input and one 'outputs' list entry per output.
#  Keys include:
#      * label (an identifier for the GUI)
#      * domain (optional - stream or message. Default is stream)
#      * dtype (e.g. int, float, complex, byte, short, xxx_vector, ...)
#      * vlen (optional - data stream vector length. Default is 1)
#      * optional (optional - set to 1 for optional inputs. Default is 0)
inputs:
- domain: message
  id: Input

outputs:
- domain: message
  id: Output

#  'file_format' specifies the version of the GRC yml format used in the file
#  and should usually not be changed.
file_format: 1
